
Microsoft Visual Studio Solution File, Format Version 12.00
Project("{FAE04EC0-301F-11D3-BF4B-00C04F79EFBC}") = "TitanPass.PasswordManager.Core", "TitanPass.PasswordManager.Core\TitanPass.PasswordManager.Core.csproj", "{41DF5B2F-8674-47C4-965D-79170B29C271}"
EndProject
Project("{2150E333-8FDC-42A3-9474-1A3956D46DE8}") = "Core", "Core", "{EED4A5E9-3FD9-4240-A8BB-DE24FAABCFC5}"
EndProject
Project("{FAE04EC0-301F-11D3-BF4B-00C04F79EFBC}") = "TitanPass.PasswordManager.Domain", "TitanPass.PasswordManager.Domain\TitanPass.PasswordManager.Domain.csproj", "{3C0070A2-176B-449D-B15B-2B13EBB306D0}"
EndProject
Project("{2150E333-8FDC-42A3-9474-1A3956D46DE8}") = "Core.Test", "Core.Test", "{B2C7DD3D-A3BB-45C3-9EB9-B03B623DBDA6}"
EndProject
Project("{2150E333-8FDC-42A3-9474-1A3956D46DE8}") = "Infrastructure", "Infrastructure", "{0B9A9A3A-132C-4D38-BBDF-5C93F17F7BFA}"
EndProject
Project("{FAE04EC0-301F-11D3-BF4B-00C04F79EFBC}") = "TitanPass.PasswordManager.DB", "TitanPass.PasswordManager.DB\TitanPass.PasswordManager.DB.csproj", "{D7657774-9A05-43A0-B997-B3F7D7A516E3}"
EndProject
Project("{FAE04EC0-301F-11D3-BF4B-00C04F79EFBC}") = "TitanPass.PasswordManager.Security", "TitanPass.PasswordManager.Security\TitanPass.PasswordManager.Security.csproj", "{EBD96D19-A884-4DA6-9CB5-D41D19C3E6D1}"
EndProject
Project("{2150E333-8FDC-42A3-9474-1A3956D46DE8}") = "UI", "UI", "{E9E7C1C1-3B5A-43F6-90D8-1BB975489C52}"
EndProject
Project("{FAE04EC0-301F-11D3-BF4B-00C04F79EFBC}") = "TitanPass.PasswordManager.WebApi", "TitanPass.PasswordManager.WebApi\TitanPass.PasswordManager.WebApi.csproj", "{19493137-16D3-405C-9744-1E97F54A074D}"
EndProject
Project("{FAE04EC0-301F-11D3-BF4B-00C04F79EFBC}") = "TitanPass.PasswordManager.Core.Test", "TitanPass.PasswordManager.Core.Test\TitanPass.PasswordManager.Core.Test.csproj", "{9DCD93BA-E134-421C-A946-D2E204E95DB7}"
EndProject
Project("{FAE04EC0-301F-11D3-BF4B-00C04F79EFBC}") = "TitanPass.PasswordManager.Domain.Test", "TitanPass.PasswordManager.Domain.Test\TitanPass.PasswordManager.Domain.Test.csproj", "{F6C1D616-FDAC-44D0-A06F-139D1FD22F62}"
EndProject
Global
	GlobalSection(SolutionConfigurationPlatforms) = preSolution
		Debug|Any CPU = Debug|Any CPU
		Release|Any CPU = Release|Any CPU
	EndGlobalSection
	GlobalSection(ProjectConfigurationPlatforms) = postSolution
		{41DF5B2F-8674-47C4-965D-79170B29C271}.Debug|Any CPU.ActiveCfg = Debug|Any CPU
		{41DF5B2F-8674-47C4-965D-79170B29C271}.Debug|Any CPU.Build.0 = Debug|Any CPU
		{41DF5B2F-8674-47C4-965D-79170B29C271}.Release|Any CPU.ActiveCfg = Release|Any CPU
		{41DF5B2F-8674-47C4-965D-79170B29C271}.Release|Any CPU.Build.0 = Release|Any CPU
		{3C0070A2-176B-449D-B15B-2B13EBB306D0}.Debug|Any CPU.ActiveCfg = Debug|Any CPU
		{3C0070A2-176B-449D-B15B-2B13EBB306D0}.Debug|Any CPU.Build.0 = Debug|Any CPU
		{3C0070A2-176B-449D-B15B-2B13EBB306D0}.Release|Any CPU.ActiveCfg = Release|Any CPU
		{3C0070A2-176B-449D-B15B-2B13EBB306D0}.Release|Any CPU.Build.0 = Release|Any CPU
		{D7657774-9A05-43A0-B997-B3F7D7A516E3}.Debug|Any CPU.ActiveCfg = Debug|Any CPU
		{D7657774-9A05-43A0-B997-B3F7D7A516E3}.Debug|Any CPU.Build.0 = Debug|Any CPU
		{D7657774-9A05-43A0-B997-B3F7D7A516E3}.Release|Any CPU.ActiveCfg = Release|Any CPU
		{D7657774-9A05-43A0-B997-B3F7D7A516E3}.Release|Any CPU.Build.0 = Release|Any CPU
		{EBD96D19-A884-4DA6-9CB5-D41D19C3E6D1}.Debug|Any CPU.ActiveCfg = Debug|Any CPU
		{EBD96D19-A884-4DA6-9CB5-D41D19C3E6D1}.Debug|Any CPU.Build.0 = Debug|Any CPU
		{EBD96D19-A884-4DA6-9CB5-D41D19C3E6D1}.Release|Any CPU.ActiveCfg = Release|Any CPU
		{EBD96D19-A884-4DA6-9CB5-D41D19C3E6D1}.Release|Any CPU.Build.0 = Release|Any CPU
		{19493137-16D3-405C-9744-1E97F54A074D}.Debug|Any CPU.ActiveCfg = Debug|Any CPU
		{19493137-16D3-405C-9744-1E97F54A074D}.Debug|Any CPU.Build.0 = Debug|Any CPU
		{19493137-16D3-405C-9744-1E97F54A074D}.Release|Any CPU.ActiveCfg = Release|Any CPU
		{19493137-16D3-405C-9744-1E97F54A074D}.Release|Any CPU.Build.0 = Release|Any CPU
		{9DCD93BA-E134-421C-A946-D2E204E95DB7}.Debug|Any CPU.ActiveCfg = Debug|Any CPU
		{9DCD93BA-E134-421C-A946-D2E204E95DB7}.Debug|Any CPU.Build.0 = Debug|Any CPU
		{9DCD93BA-E134-421C-A946-D2E204E95DB7}.Release|Any CPU.ActiveCfg = Release|Any CPU
		{9DCD93BA-E134-421C-A946-D2E204E95DB7}.Release|Any CPU.Build.0 = Release|Any CPU
		{F6C1D616-FDAC-44D0-A06F-139D1FD22F62}.Debug|Any CPU.ActiveCfg = Debug|Any CPU
		{F6C1D616-FDAC-44D0-A06F-139D1FD22F62}.Debug|Any CPU.Build.0 = Debug|Any CPU
		{F6C1D616-FDAC-44D0-A06F-139D1FD22F62}.Release|Any CPU.ActiveCfg = Release|Any CPU
		{F6C1D616-FDAC-44D0-A06F-139D1FD22F62}.Release|Any CPU.Build.0 = Release|Any CPU
	EndGlobalSection
	GlobalSection(NestedProjects) = preSolution
		{41DF5B2F-8674-47C4-965D-79170B29C271} = {EED4A5E9-3FD9-4240-A8BB-DE24FAABCFC5}
		{3C0070A2-176B-449D-B15B-2B13EBB306D0} = {EED4A5E9-3FD9-4240-A8BB-DE24FAABCFC5}
		{D7657774-9A05-43A0-B997-B3F7D7A516E3} = {0B9A9A3A-132C-4D38-BBDF-5C93F17F7BFA}
		{EBD96D19-A884-4DA6-9CB5-D41D19C3E6D1} = {0B9A9A3A-132C-4D38-BBDF-5C93F17F7BFA}
		{19493137-16D3-405C-9744-1E97F54A074D} = {E9E7C1C1-3B5A-43F6-90D8-1BB975489C52}
		{9DCD93BA-E134-421C-A946-D2E204E95DB7} = {B2C7DD3D-A3BB-45C3-9EB9-B03B623DBDA6}
		{F6C1D616-FDAC-44D0-A06F-139D1FD22F62} = {B2C7DD3D-A3BB-45C3-9EB9-B03B623DBDA6}
	EndGlobalSection
EndGlobal
